// !$*UTF8*$!
{
	archiveVersion = 1;
	classes = {
	};
	objectVersion = 50;
	objects = {

/* Begin PBXBuildFile section */
		288EB80720E095220029934D /* AppDelegate.m in Sources */ = {isa = PBXBuildFile; fileRef = 288EB80620E095220029934D /* AppDelegate.m */; };
		288EB80A20E095220029934D /* ViewController.m in Sources */ = {isa = PBXBuildFile; fileRef = 288EB80920E095220029934D /* ViewController.m */; };
		288EB80D20E095220029934D /* Main.storyboard in Resources */ = {isa = PBXBuildFile; fileRef = 288EB80B20E095220029934D /* Main.storyboard */; };
		288EB80F20E095240029934D /* Assets.xcassets in Resources */ = {isa = PBXBuildFile; fileRef = 288EB80E20E095240029934D /* Assets.xcassets */; };
		288EB81220E095240029934D /* LaunchScreen.storyboard in Resources */ = {isa = PBXBuildFile; fileRef = 288EB81020E095240029934D /* LaunchScreen.storyboard */; };
		288EB81520E095240029934D /* main.m in Sources */ = {isa = PBXBuildFile; fileRef = 288EB81420E095240029934D /* main.m */; };
		288EB81F20E095240029934D /* GRKeychainTests.m in Sources */ = {isa = PBXBuildFile; fileRef = 288EB81E20E095240029934D /* GRKeychainTests.m */; };
		288EB82A20E095240029934D /* GRKeychainUITests.m in Sources */ = {isa = PBXBuildFile; fileRef = 288EB82920E095240029934D /* GRKeychainUITests.m */; };
		288EB83A20E0956A0029934D /* GRKeychain.m in Sources */ = {isa = PBXBuildFile; fileRef = 288EB83920E0956A0029934D /* GRKeychain.m */; };
/* End PBXBuildFile section */

/* Begin PBXContainerItemProxy section */
		288EB81B20E095240029934D /* PBXContainerItemProxy */ = {
			isa = PBXContainerItemProxy;
			containerPortal = 288EB7FA20E095220029934D /* Project object */;
			proxyType = 1;
			remoteGlobalIDString = 288EB80120E095220029934D;
			remoteInfo = GRKeychain;
		};
		288EB82620E095240029934D /* PBXContainerItemProxy */ = {
			isa = PBXContainerItemProxy;
			containerPortal = 288EB7FA20E095220029934D /* Project object */;
			proxyType = 1;
			remoteGlobalIDString = 288EB80120E095220029934D;
			remoteInfo = GRKeychain;
		};
/* End PBXContainerItemProxy section */

/* Begin PBXFileReference section */
		288EB80220E095220029934D /* GRKeychain.app */ = {isa = PBXFileReference; explicitFileType = wrapper.application; includeInIndex = 0; path = GRKeychain.app; sourceTree = BUILT_PRODUCTS_DIR; };
		288EB80520E095220029934D /* AppDelegate.h */ = {isa = PBXFileReference; lastKnownFileType = sourcecode.c.h; path = AppDelegate.h; sourceTree = "<group>"; };
		288EB80620E095220029934D /* AppDelegate.m */ = {isa = PBXFileReference; lastKnownFileType = sourcecode.c.objc; path = AppDelegate.m; sourceTree = "<group>"; };
		288EB80820E095220029934D /* ViewController.h */ = {isa = PBXFileReference; lastKnownFileType = sourcecode.c.h; path = ViewController.h; sourceTree = "<group>"; };
		288EB80920E095220029934D /* ViewController.m */ = {isa = PBXFileReference; lastKnownFileType = sourcecode.c.objc; path = ViewController.m; sourceTree = "<group>"; };
		288EB80C20E095220029934D /* Base */ = {isa = PBXFileReference; lastKnownFileType = file.storyboard; name = Base; path = Base.lproj/Main.storyboard; sourceTree = "<group>"; };
		288EB80E20E095240029934D /* Assets.xcassets */ = {isa = PBXFileReference; lastKnownFileType = folder.assetcatalog; path = Assets.xcassets; sourceTree = "<group>"; };
		288EB81120E095240029934D /* Base */ = {isa = PBXFileReference; lastKnownFileType = file.storyboard; name = Base; path = Base.lproj/LaunchScreen.storyboard; sourceTree = "<group>"; };
		288EB81320E095240029934D /* Info.plist */ = {isa = PBXFileReference; lastKnownFileType = text.plist.xml; path = Info.plist; sourceTree = "<group>"; };
		288EB81420E095240029934D /* main.m */ = {isa = PBXFileReference; lastKnownFileType = sourcecode.c.objc; path = main.m; sourceTree = "<group>"; };
		288EB81A20E095240029934D /* GRKeychainTests.xctest */ = {isa = PBXFileReference; explicitFileType = wrapper.cfbundle; includeInIndex = 0; path = GRKeychainTests.xctest; sourceTree = BUILT_PRODUCTS_DIR; };
		288EB81E20E095240029934D /* GRKeychainTests.m */ = {isa = PBXFileReference; lastKnownFileType = sourcecode.c.objc; path = GRKeychainTests.m; sourceTree = "<group>"; };
		288EB82020E095240029934D /* Info.plist */ = {isa = PBXFileReference; lastKnownFileType = text.plist.xml; path = Info.plist; sourceTree = "<group>"; };
		288EB82520E095240029934D /* GRKeychainUITests.xctest */ = {isa = PBXFileReference; explicitFileType = wrapper.cfbundle; includeInIndex = 0; path = GRKeychainUITests.xctest; sourceTree = BUILT_PRODUCTS_DIR; };
		288EB82920E095240029934D /* GRKeychainUITests.m */ = {isa = PBXFileReference; lastKnownFileType = sourcecode.c.objc; path = GRKeychainUITests.m; sourceTree = "<group>"; };
		288EB82B20E095240029934D /* Info.plist */ = {isa = PBXFileReference; lastKnownFileType = text.plist.xml; path = Info.plist; sourceTree = "<group>"; };
		288EB83820E0956A0029934D /* GRKeychain.h */ = {isa = PBXFileReference; lastKnownFileType = sourcecode.c.h; path = GRKeychain.h; sourceTree = "<group>"; };
		288EB83920E0956A0029934D /* GRKeychain.m */ = {isa = PBXFileReference; lastKnownFileType = sourcecode.c.objc; path = GRKeychain.m; sourceTree = "<group>"; };
/* End PBXFileReference section */

/* Begin PBXFrameworksBuildPhase section */
		288EB7FF20E095220029934D /* Frameworks */ = {
			isa = PBXFrameworksBuildPhase;
			buildActionMask = 2147483647;
			files = (
			);
			runOnlyForDeploymentPostprocessing = 0;
		};
		288EB81720E095240029934D /* Frameworks */ = {
			isa = PBXFrameworksBuildPhase;
			buildActionMask = 2147483647;
			files = (
			);
			runOnlyForDeploymentPostprocessing = 0;
		};
		288EB82220E095240029934D /* Frameworks */ = {
			isa = PBXFrameworksBuildPhase;
			buildActionMask = 2147483647;
			files = (
			);
			runOnlyForDeploymentPostprocessing = 0;
		};
/* End PBXFrameworksBuildPhase section */

/* Begin PBXGroup section */
		288EB7F920E095220029934D = {
			isa = PBXGroup;
			children = (
				288EB83720E0955D0029934D /* keychain */,
				288EB80420E095220029934D /* GRKeychain */,
				288EB81D20E095240029934D /* GRKeychainTests */,
				288EB82820E095240029934D /* GRKeychainUITests */,
				288EB80320E095220029934D /* Products */,
			);
			sourceTree = "<group>";
		};
		288EB80320E095220029934D /* Products */ = {
			isa = PBXGroup;
			children = (
				288EB80220E095220029934D /* GRKeychain.app */,
				288EB81A20E095240029934D /* GRKeychainTests.xctest */,
				288EB82520E095240029934D /* GRKeychainUITests.xctest */,
			);
			name = Products;
			sourceTree = "<group>";
		};
		288EB80420E095220029934D /* GRKeychain */ = {
			isa = PBXGroup;
			children = (
				288EB80520E095220029934D /* AppDelegate.h */,
				288EB80620E095220029934D /* AppDelegate.m */,
				288EB80820E095220029934D /* ViewController.h */,
				288EB80920E095220029934D /* ViewController.m */,
				288EB80B20E095220029934D /* Main.storyboard */,
				288EB80E20E095240029934D /* Assets.xcassets */,
				288EB81020E095240029934D /* LaunchScreen.storyboard */,
				288EB81320E095240029934D /* Info.plist */,
				288EB81420E095240029934D /* main.m */,
			);
			path = GRKeychain;
			sourceTree = "<group>";
		};
		288EB81D20E095240029934D /* GRKeychainTests */ = {
			isa = PBXGroup;
			children = (
				288EB81E20E095240029934D /* GRKeychainTests.m */,
				288EB82020E095240029934D /* Info.plist */,
			);
			path = GRKeychainTests;
			sourceTree = "<group>";
		};
		288EB82820E095240029934D /* GRKeychainUITests */ = {
			isa = PBXGroup;
			children = (
				288EB82920E095240029934D /* GRKeychainUITests.m */,
				288EB82B20E095240029934D /* Info.plist */,
			);
			path = GRKeychainUITests;
			sourceTree = "<group>";
		};
		288EB83720E0955D0029934D /* keychain */ = {
			isa = PBXGroup;
			children = (
				288EB83820E0956A0029934D /* GRKeychain.h */,
				288EB83920E0956A0029934D /* GRKeychain.m */,
			);
			path = keychain;
			sourceTree = "<group>";
		};
/* End PBXGroup section */

/* Begin PBXNativeTarget section */
		288EB80120E095220029934D /* GRKeychain */ = {
			isa = PBXNativeTarget;
			buildConfigurationList = 288EB82E20E095240029934D /* Build configuration list for PBXNativeTarget "GRKeychain" */;
			buildPhases = (
				288EB7FE20E095220029934D /* Sources */,
				288EB7FF20E095220029934D /* Frameworks */,
				288EB80020E095220029934D /* Resources */,
			);
			buildRules = (
			);
			dependencies = (
			);
			name = GRKeychain;
			productName = GRKeychain;
			productReference = 288EB80220E095220029934D /* GRKeychain.app */;
			productType = "com.apple.product-type.application";
		};
		288EB81920E095240029934D /* GRKeychainTests */ = {
			isa = PBXNativeTarget;
			buildConfigurationList = 288EB83120E095240029934D /* Build configuration list for PBXNativeTarget "GRKeychainTests" */;
			buildPhases = (
				288EB81620E095240029934D /* Sources */,
				288EB81720E095240029934D /* Frameworks */,
				288EB81820E095240029934D /* Resources */,
			);
			buildRules = (
			);
			dependencies = (
				288EB81C20E095240029934D /* PBXTargetDependency */,
			);
			name = GRKeychainTests;
			productName = GRKeychainTests;
			productReference = 288EB81A20E095240029934D /* GRKeychainTests.xctest */;
			productType = "com.apple.product-type.bundle.unit-test";
		};
		288EB82420E095240029934D /* GRKeychainUITests */ = {
			isa = PBXNativeTarget;
			buildConfigurationList = 288EB83420E095240029934D /* Build configuration list for PBXNativeTarget "GRKeychainUITests" */;
			buildPhases = (
				288EB82120E095240029934D /* Sources */,
				288EB82220E095240029934D /* Frameworks */,
				288EB82320E095240029934D /* Resources */,
			);
			buildRules = (
			);
			dependencies = (
				288EB82720E095240029934D /* PBXTargetDependency */,
			);
			name = GRKeychainUITests;
			productName = GRKeychainUITests;
			productReference = 288EB82520E095240029934D /* GRKeychainUITests.xctest */;
			productType = "com.apple.product-type.bundle.ui-testing";
		};
/* End PBXNativeTarget section */

/* Begin PBXProject section */
		288EB7FA20E095220029934D /* Project object */ = {
			isa = PBXProject;
			attributes = {
				LastUpgradeCheck = 0940;
				ORGANIZATIONNAME = gray;
				TargetAttributes = {
					288EB80120E095220029934D = {
						CreatedOnToolsVersion = 9.4;
					};
					288EB81920E095240029934D = {
						CreatedOnToolsVersion = 9.4;
						TestTargetID = 288EB80120E095220029934D;
					};
					288EB82420E095240029934D = {
						CreatedOnToolsVersion = 9.4;
						TestTargetID = 288EB80120E095220029934D;
					};
				};
			};
			buildConfigurationList = 288EB7FD20E095220029934D /* Build configuration list for PBXProject "GRKeychain" */;
			compatibilityVersion = "Xcode 9.3";
			developmentRegion = en;
			hasScannedForEncodings = 0;
			knownRegions = (
				en,
				Base,
			);
			mainGroup = 288EB7F920E095220029934D;
			productRefGroup = 288EB80320E095220029934D /* Products */;
			projectDirPath = "";
			projectRoot = "";
			targets = (
				288EB80120E095220029934D /* GRKeychain */,
				288EB81920E095240029934D /* GRKeychainTests */,
				288EB82420E095240029934D /* GRKeychainUITests */,
			);
		};
/* End PBXProject section */

/* Begin PBXResourcesBuildPhase section */
		288EB80020E095220029934D /* Resources */ = {
			isa = PBXResourcesBuildPhase;
			buildActionMask = 2147483647;
			files = (
				288EB81220E095240029934D /* LaunchScreen.storyboard in Resources */,
				288EB80F20E095240029934D /* Assets.xcassets in Resources */,
				288EB80D20E095220029934D /* Main.storyboard in Resources */,
			);
			runOnlyForDeploymentPostprocessing = 0;
		};
		288EB81820E095240029934D /* Resources */ = {
			isa = PBXResourcesBuildPhase;
			buildActionMask = 2147483647;
			files = (
			);
			runOnlyForDeploymentPostprocessing = 0;
		};
		288EB82320E095240029934D /* Resources */ = {
			isa = PBXResourcesBuildPhase;
			buildActionMask = 2147483647;
			files = (
			);
			runOnlyForDeploymentPostprocessing = 0;
		};
/* End PBXResourcesBuildPhase section */

/* Begin PBXSourcesBuildPhase section */
		288EB7FE20E095220029934D /* Sources */ = {
			isa = PBXSourcesBuildPhase;
			buildActionMask = 2147483647;
			files = (
				288EB83A20E0956A0029934D /* GRKeychain.m in Sources */,
				288EB80A20E095220029934D /* ViewController.m in Sources */,
				288EB81520E095240029934D /* main.m in Sources */,
				288EB80720E095220029934D /* AppDelegate.m in Sources */,
			);
			runOnlyForDeploymentPostprocessing = 0;
		};
		288EB81620E095240029934D /* Sources */ = {
			isa = PBXSourcesBuildPhase;
			buildActionMask = 2147483647;
			files = (
				288EB81F20E095240029934D /* GRKeychainTests.m in Sources */,
			);
			runOnlyForDeploymentPostprocessing = 0;
		};
		288EB82120E095240029934D /* Sources */ = {
			isa = PBXSourcesBuildPhase;
			buildActionMask = 2147483647;
			files = (
				288EB82A20E095240029934D /* GRKeychainUITests.m in Sources */,
			);
			runOnlyForDeploymentPostprocessing = 0;
		};
/* End PBXSourcesBuildPhase section */

/* Begin PBXTargetDependency section */
		288EB81C20E095240029934D /* PBXTargetDependency */ = {
			isa = PBXTargetDependency;
			target = 288EB80120E095220029934D /* GRKeychain */;
			targetProxy = 288EB81B20E095240029934D /* PBXContainerItemProxy */;
		};
		288EB82720E095240029934D /* PBXTargetDependency */ = {
			isa = PBXTargetDependency;
			target = 288EB80120E095220029934D /* GRKeychain */;
			targetProxy = 288EB82620E095240029934D /* PBXContainerItemProxy */;
		};
/* End PBXTargetDependency section */

/* Begin PBXVariantGroup section */
		288EB80B20E095220029934D /* Main.storyboard */ = {
			isa = PBXVariantGroup;
			children = (
				288EB80C20E095220029934D /* Base */,
			);
			name = Main.storyboard;
			sourceTree = "<group>";
		};
		288EB81020E095240029934D /* LaunchScreen.storyboard */ = {
			isa = PBXVariantGroup;
			children = (
				288EB81120E095240029934D /* Base */,
			);
			name = LaunchScreen.storyboard;
			sourceTree = "<group>";
		};
/* End PBXVariantGroup section */

/* Begin XCBuildConfiguration section */
		288EB82C20E095240029934D /* Debug */ = {
			isa = XCBuildConfiguration;
			buildSettings = {
				ALWAYS_SEARCH_USER_PATHS = NO;
				CLANG_ANALYZER_NONNULL = YES;
				CLANG_ANALYZER_NUMBER_OBJECT_CONVERSION = YES_AGGRESSIVE;
				CLANG_CXX_LANGUAGE_STANDARD = "gnu++14";
				CLANG_CXX_LIBRARY = "libc++";
				CLANG_ENABLE_MODULES = YES;
				CLANG_ENABLE_OBJC_ARC = YES;
				CLANG_ENABLE_OBJC_WEAK = YES;
				CLANG_WARN_BLOCK_CAPTURE_AUTORELEASING = YES;
				CLANG_WARN_BOOL_CONVERSION = YES;
				CLANG_WARN_COMMA = YES;
				CLANG_WARN_CONSTANT_CONVERSION = YES;
				CLANG_WARN_DEPRECATED_OBJC_IMPLEMENTATIONS = YES;
				CLANG_WARN_DIRECT_OBJC_ISA_USAGE = YES_ERROR;
				CLANG_WARN_DOCUMENTATION_COMMENTS = YES;
				CLANG_WARN_EMPTY_BODY = YES;
				CLANG_WARN_ENUM_CONVERSION = YES;
				CLANG_WARN_INFINITE_RECURSION = YES;
				CLANG_WARN_INT_CONVERSION = YES;
				CLANG_WARN_NON_LITERAL_NULL_CONVERSION = YES;
				CLANG_WARN_OBJC_IMPLICIT_RETAIN_SELF = YES;
				CLANG_WARN_OBJC_LITERAL_CONVERSION = YES;
				CLANG_WARN_OBJC_ROOT_CLASS = YES_ERROR;
				CLANG_WARN_RANGE_LOOP_ANALYSIS = YES;
				CLANG_WARN_STRICT_PROTOTYPES = YES;
				CLANG_WARN_SUSPICIOUS_MOVE = YES;
				CLANG_WARN_UNGUARDED_AVAILABILITY = YES_AGGRESSIVE;
				CLANG_WARN_UNREACHABLE_CODE = YES;
				CLANG_WARN__DUPLICATE_METHOD_MATCH = YES;
				CODE_SIGN_IDENTITY = "iPhone Developer";
				COPY_PHASE_STRIP = NO;
				DEBUG_INFORMATION_FORMAT = dwarf;
				ENABLE_STRICT_OBJC_MSGSEND = YES;
				ENABLE_TESTABILITY = YES;
				GCC_C_LANGUAGE_STANDARD = gnu11;
				GCC_DYNAMIC_NO_PIC = NO;
				GCC_NO_COMMON_BLOCKS = YES;
				GCC_OPTIMIZATION_LEVEL = 0;
				GCC_PREPROCESSOR_DEFINITIONS = (
					"DEBUG=1",
					"$(inherited)",
				);
				GCC_WARN_64_TO_32_BIT_CONVERSION = YES;
				GCC_WARN_ABOUT_RETURN_TYPE = YES_ERROR;
				GCC_WARN_UNDECLARED_SELECTOR = YES;
				GCC_WARN_UNINITIALIZED_AUTOS = YES_AGGRESSIVE;
				GCC_WARN_UNUSED_FUNCTION = YES;
				GCC_WARN_UNUSED_VARIABLE = YES;
				IPHONEOS_DEPLOYMENT_TARGET = 11.4;
				MTL_ENABLE_DEBUG_INFO = YES;
				ONLY_ACTIVE_ARCH = YES;
				SDKROOT = iphoneos;
			};
			name = Debug;
		};
		288EB82D20E095240029934D /* Release */ = {
			isa = XCBuildConfiguration;
			buildSettings = {
				ALWAYS_SEARCH_USER_PATHS = NO;
				CLANG_ANALYZER_NONNULL = YES;
				CLANG_ANALYZER_NUMBER_OBJECT_CONVERSION = YES_AGGRESSIVE;
				CLANG_CXX_LANGUAGE_STANDARD = "gnu++14";
				CLANG_CXX_LIBRARY = "libc++";
				CLANG_ENABLE_MODULES = YES;
				CLANG_ENABLE_OBJC_ARC = YES;
				CLANG_ENABLE_OBJC_WEAK = YES;
				CLANG_WARN_BLOCK_CAPTURE_AUTORELEASING = YES;
				CLANG_WARN_BOOL_CONVERSION = YES;
				CLANG_WARN_COMMA = YES;
				CLANG_WARN_CONSTANT_CONVERSION = YES;
				CLANG_WARN_DEPRECATED_OBJC_IMPLEMENTATIONS = YES;
				CLANG_WARN_DIRECT_OBJC_ISA_USAGE = YES_ERROR;
				CLANG_WARN_DOCUMENTATION_COMMENTS = YES;
				CLANG_WARN_EMPTY_BODY = YES;
				CLANG_WARN_ENUM_CONVERSION = YES;
				CLANG_WARN_INFINITE_RECURSION = YES;
				CLANG_WARN_INT_CONVERSION = YES;
				CLANG_WARN_NON_LITERAL_NULL_CONVERSION = YES;
				CLANG_WARN_OBJC_IMPLICIT_RETAIN_SELF = YES;
				CLANG_WARN_OBJC_LITERAL_CONVERSION = YES;
				CLANG_WARN_OBJC_ROOT_CLASS = YES_ERROR;
				CLANG_WARN_RANGE_LOOP_ANALYSIS = YES;
				CLANG_WARN_STRICT_PROTOTYPES = YES;
				CLANG_WARN_SUSPICIOUS_MOVE = YES;
				CLANG_WARN_UNGUARDED_AVAILABILITY = YES_AGGRESSIVE;
				CLANG_WARN_UNREACHABLE_CODE = YES;
				CLANG_WARN__DUPLICATE_METHOD_MATCH = YES;
				CODE_SIGN_IDENTITY = "iPhone Developer";
				COPY_PHASE_STRIP = NO;
				DEBUG_INFORMATION_FORMAT = "dwarf-with-dsym";
				ENABLE_NS_ASSERTIONS = NO;
				ENABLE_STRICT_OBJC_MSGSEND = YES;
				GCC_C_LANGUAGE_STANDARD = gnu11;
				GCC_NO_COMMON_BLOCKS = YES;
				GCC_WARN_64_TO_32_BIT_CONVERSION = YES;
				GCC_WARN_ABOUT_RETURN_TYPE = YES_ERROR;
				GCC_WARN_UNDECLARED_SELECTOR = YES;
				GCC_WARN_UNINITIALIZED_AUTOS = YES_AGGRESSIVE;
				GCC_WARN_UNUSED_FUNCTION = YES;
				GCC_WARN_UNUSED_VARIABLE = YES;
				IPHONEOS_DEPLOYMENT_TARGET = 11.4;
				MTL_ENABLE_DEBUG_INFO = NO;
				SDKROOT = iphoneos;
				VALIDATE_PRODUCT = YES;
			};
			name = Release;
		};
		288EB82F20E095240029934D /* Debug */ = {
			isa = XCBuildConfiguration;
			buildSettings = {
				ASSETCATALOG_COMPILER_APPICON_NAME = AppIcon;
				CODE_SIGN_STYLE = Automatic;
				INFOPLIST_FILE = GRKeychain/Info.plist;
				LD_RUNPATH_SEARCH_PATHS = (
					"$(inherited)",
					"@executable_path/Frameworks",
				);
				PRODUCT_BUNDLE_IDENTIFIER = com.gray.GRKeychain;
				PRODUCT_NAME = "$(TARGET_NAME)";
				TARGETED_DEVICE_FAMILY = "1,2";
			};
			name = Debug;
		};
		288EB83020E095240029934D /* Release */ = {
			isa = XCBuildConfiguration;
			buildSettings = {
				ASSETCATALOG_COMPILER_APPICON_NAME = AppIcon;
				CODE_SIGN_STYLE = Automatic;
				INFOPLIST_FILE = GRKeychain/Info.plist;
				LD_RUNPATH_SEARCH_PATHS = (
					"$(inherited)",
					"@executable_path/Frameworks",
				);
				PRODUCT_BUNDLE_IDENTIFIER = com.gray.GRKeychain;
				PRODUCT_NAME = "$(TARGET_NAME)";
				TARGETED_DEVICE_FAMILY = "1,2";
			};
			name = Release;
		};
		288EB83220E095240029934D /* Debug */ = {
			isa = XCBuildConfiguration;
			buildSettings = {
				BUNDLE_LOADER = "$(TEST_HOST)";
				CODE_SIGN_STYLE = Automatic;
				INFOPLIST_FILE = GRKeychainTests/Info.plist;
				LD_RUNPATH_SEARCH_PATHS = (
					"$(inherited)",
					"@executable_path/Frameworks",
					"@loader_path/Frameworks",
				);
				PRODUCT_BUNDLE_IDENTIFIER = com.gray.GRKeychainTests;
				PRODUCT_NAME = "$(TARGET_NAME)";
				TARGETED_DEVICE_FAMILY = "1,2";
				TEST_HOST = "$(BUILT_PRODUCTS_DIR)/GRKeychain.app/GRKeychain";
			};
			name = Debug;
		};
		288EB83320E095240029934D /* Release */ = {
			isa = XCBuildConfiguration;
			buildSettings = {
				BUNDLE_LOADER = "$(TEST_HOST)";
				CODE_SIGN_STYLE = Automatic;
				INFOPLIST_FILE = GRKeychainTests/Info.plist;
				LD_RUNPATH_SEARCH_PATHS = (
					"$(inherited)",
					"@executable_path/Frameworks",
					"@loader_path/Frameworks",
				);
				PRODUCT_BUNDLE_IDENTIFIER = com.gray.GRKeychainTests;
				PRODUCT_NAME = "$(TARGET_NAME)";
				TARGETED_DEVICE_FAMILY = "1,2";
				TEST_HOST = "$(BUILT_PRODUCTS_DIR)/GRKeychain.app/GRKeychain";
			};
			name = Release;
		};
		288EB83520E095240029934D /* Debug */ = {
			isa = XCBuildConfiguration;
			buildSettings = {
				CODE_SIGN_STYLE = Automatic;
				INFOPLIST_FILE = GRKeychainUITests/Info.plist;
				LD_RUNPATH_SEARCH_PATHS = (
					"$(inherited)",
					"@executable_path/Frameworks",
					"@loader_path/Frameworks",
				);
				PRODUCT_BUNDLE_IDENTIFIER = com.gray.GRKeychainUITests;
				PRODUCT_NAME = "$(TARGET_NAME)";
				TARGETED_DEVICE_FAMILY = "1,2";
				TEST_TARGET_NAME = GRKeychain;
			};
			name = Debug;
		};
		288EB83620E095240029934D /* Release */ = {
			isa = XCBuildConfiguration;
			buildSettings = {
				CODE_SIGN_STYLE = Automatic;
				INFOPLIST_FILE = GRKeychainUITests/Info.plist;
				LD_RUNPATH_SEARCH_PATHS = (
					"$(inherited)",
					"@executable_path/Frameworks",
					"@loader_path/Frameworks",
				);
				PRODUCT_BUNDLE_IDENTIFIER = com.gray.GRKeychainUITests;
				PRODUCT_NAME = "$(TARGET_NAME)";
				TARGETED_DEVICE_FAMILY = "1,2";
				TEST_TARGET_NAME = GRKeychain;
			};
			name = Release;
		};
/* End XCBuildConfiguration section */

/* Begin XCConfigurationList section */
		288EB7FD20E095220029934D /* Build configuration list for PBXProject "GRKeychain" */ = {
			isa = XCConfigurationList;
			buildConfigurations = (
				288EB82C20E095240029934D /* Debug */,
				288EB82D20E095240029934D /* Release */,
			);
			defaultConfigurationIsVisible = 0;
			defaultConfigurationName = Release;
		};
		288EB82E20E095240029934D /* Build configuration list for PBXNativeTarget "GRKeychain" */ = {
			isa = XCConfigurationList;
			buildConfigurations = (
				288EB82F20E095240029934D /* Debug */,
				288EB83020E095240029934D /* Release */,
			);
			defaultConfigurationIsVisible = 0;
			defaultConfigurationName = Release;
		};
		288EB83120E095240029934D /* Build configuration list for PBXNativeTarget "GRKeychainTests" */ = {
			isa = XCConfigurationList;
			buildConfigurations = (
				288EB83220E095240029934D /* Debug */,
				288EB83320E095240029934D /* Release */,
			);
			defaultConfigurationIsVisible = 0;
			defaultConfigurationName = Release;
		};
		288EB83420E095240029934D /* Build configuration list for PBXNativeTarget "GRKeychainUITests" */ = {
			isa = XCConfigurationList;
			buildConfigurations = (
				288EB83520E095240029934D /* Debug */,
				288EB83620E095240029934D /* Release */,
			);
			defaultConfigurationIsVisible = 0;
			defaultConfigurationName = Release;
		};
/* End XCConfigurationList section */
	};
	rootObject = 288EB7FA20E095220029934D /* Project object */;
}
